
Microsoft Visual Studio Solution File, Format Version 12.00
# Visual Studio Version 17
VisualStudioVersion = 17.11.35327.3
MinimumVisualStudioVersion = 10.0.40219.1
Project("{F184B08F-C81C-45F6-A57F-5ABD9991F28F}") = "NewAutoPrint", "NewAutoPrint.vbproj", "{4B1A090D-2CB1-4090-B494-55E9BDFA5D40}"
EndProject
Global
	GlobalSection(SolutionConfigurationPlatforms) = preSolution
		Debug|Any CPU = Debug|Any CPU
		Release|Any CPU = Release|Any CPU
	EndGlobalSection
	GlobalSection(ProjectConfigurationPlatforms) = postSolution
		{4B1A090D-2CB1-4090-B494-55E9BDFA5D40}.Debug|Any CPU.ActiveCfg = Debug|Any CPU
		{4B1A090D-2CB1-4090-B494-55E9BDFA5D40}.Debug|Any CPU.Build.0 = Debug|Any CPU
		{4B1A090D-2CB1-4090-B494-55E9BDFA5D40}.Release|Any CPU.ActiveCfg = Release|Any CPU
		{4B1A090D-2CB1-4090-B494-55E9BDFA5D40}.Release|Any CPU.Build.0 = Release|Any CPU
	EndGlobalSection
	GlobalSection(SolutionProperties) = preSolution
		HideSolutionNode = FALSE
	EndGlobalSection
	GlobalSection(ExtensibilityGlobals) = postSolution
		SolutionGuid = {19A56287-1AD1-4C03-8A04-7F0CBB624497}
	EndGlobalSection
EndGlobal
